// !$*UTF8*$!
{
	archiveVersion = 1;
	classes = {
	};
	objectVersion = 77;
	objects = {

/* Begin PBXBuildFile section */
		F2000000000000000000000A /* MacMDApp.swift in Sources */ = {isa = PBXBuildFile; fileRef = F1000000000000000000000A /* MacMDApp.swift */; };
		F2000000000000000000000B /* MarkdownDocument.swift in Sources */ = {isa = PBXBuildFile; fileRef = F1000000000000000000000B /* MarkdownDocument.swift */; };
		F2000000000000000000000C /* DocumentView.swift in Sources */ = {isa = PBXBuildFile; fileRef = F1000000000000000000000C /* DocumentView.swift */; };
		F2000000000000000000001A /* WordCount.swift in Sources */ = {isa = PBXBuildFile; fileRef = F1000000000000000000001A /* WordCount.swift */; };
		F2000000000000000000001C /* HelpView.swift in Sources */ = {isa = PBXBuildFile; fileRef = F1000000000000000000001C /* HelpView.swift */; };
		F2000000000000000000000D /* MarkdownTextView.swift in Sources */ = {isa = PBXBuildFile; fileRef = F1000000000000000000000D /* MarkdownTextView.swift */; };
		F2000000000000000000000E /* MarkdownHighlighter.swift in Sources */ = {isa = PBXBuildFile; fileRef = F1000000000000000000000E /* MarkdownHighlighter.swift */; };
		F2000000000000000000000F /* Theme.swift in Sources */ = {isa = PBXBuildFile; fileRef = F1000000000000000000000F /* Theme.swift */; };
		F200000000000000000000A0 /* Assets.xcassets in Resources */ = {isa = PBXBuildFile; fileRef = F100000000000000000000A0 /* Assets.xcassets */; };
		AC91DB8B15E7CE2E46E9E3F9 /* preview.html in Resources */ = {isa = PBXBuildFile; fileRef = FD5B50E7485D1E257343F4A8 /* preview.html */; };
		485D1110C7C23BA265AED3B5 /* markdown-it.min.js in Resources */ = {isa = PBXBuildFile; fileRef = 560F1D9BCB9A65950A0AE24F /* markdown-it.min.js */; };
		C1B7AE8865A89FA7446FF993 /* mermaid.min.js in Resources */ = {isa = PBXBuildFile; fileRef = 9D12BD6EDC1CD88FBCD24B1E /* mermaid.min.js */; };
		572F64A1E46A1D8BB8843F5C /* preview-base.css in Resources */ = {isa = PBXBuildFile; fileRef = 03D3AB61423C2428203180D6 /* preview-base.css */; };
		F200000000000000000000A1 /* MarkdownHighlighterTests.swift in Sources */ = {isa = PBXBuildFile; fileRef = F100000000000000000000A3 /* MarkdownHighlighterTests.swift */; };
		F2000000000000000000001B /* WordCountTests.swift in Sources */ = {isa = PBXBuildFile; fileRef = F1000000000000000000001B /* WordCountTests.swift */; };
		F200000000000000000000A7 /* MarkdownDocumentTests.swift in Sources */ = {isa = PBXBuildFile; fileRef = F100000000000000000000A6 /* MarkdownDocumentTests.swift */; };
		F200000000000000000000A9 /* TaskListInteractionTests.swift in Sources */ = {isa = PBXBuildFile; fileRef = F100000000000000000000A8 /* TaskListInteractionTests.swift */; };
		F200000000000000000000B0 /* EditingCommands.swift in Sources */ = {isa = PBXBuildFile; fileRef = F100000000000000000000B0 /* EditingCommands.swift */; };
		F200000000000000000000B1 /* EditingCommandsTests.swift in Sources */ = {isa = PBXBuildFile; fileRef = F100000000000000000000B1 /* EditingCommandsTests.swift */; };
		F200000000000000000000B2 /* ColorTheming.swift in Sources */ = {isa = PBXBuildFile; fileRef = F100000000000000000000B2 /* ColorTheming.swift */; };
		F200000000000000000000B3 /* ColorThemingTests.swift in Sources */ = {isa = PBXBuildFile; fileRef = F100000000000000000000B3 /* ColorThemingTests.swift */; };
		F200000000000000000000B4 /* SectionMap.swift in Sources */ = {isa = PBXBuildFile; fileRef = F100000000000000000000B4 /* SectionMap.swift */; };
		F200000000000000000000B5 /* SectionMapTests.swift in Sources */ = {isa = PBXBuildFile; fileRef = F100000000000000000000B5 /* SectionMapTests.swift */; };
		F200000000000000000000C8 /* AppearanceInteractionTests.swift in Sources */ = {isa = PBXBuildFile; fileRef = F100000000000000000000C8 /* AppearanceInteractionTests.swift */; };
		F200000000000000000000B6 /* ThemeSettings.swift in Sources */ = {isa = PBXBuildFile; fileRef = F100000000000000000000B6 /* ThemeSettings.swift */; };
		F200000000000000000000B7 /* ThemeSettingsTests.swift in Sources */ = {isa = PBXBuildFile; fileRef = F100000000000000000000B7 /* ThemeSettingsTests.swift */; };
		F200000000000000000000B8 /* SettingsView.swift in Sources */ = {isa = PBXBuildFile; fileRef = F100000000000000000000B8 /* SettingsView.swift */; };
		F200000000000000000000B9 /* ThemePreview.swift in Sources */ = {isa = PBXBuildFile; fileRef = F100000000000000000000B9 /* ThemePreview.swift */; };
		F200000000000000000000BA /* CustomThemeEditor.swift in Sources */ = {isa = PBXBuildFile; fileRef = F100000000000000000000BA /* CustomThemeEditor.swift */; };
		F200000000000000000000BB /* ThemeController.swift in Sources */ = {isa = PBXBuildFile; fileRef = F100000000000000000000BB /* ThemeController.swift */; };
		F200000000000000000000BC /* ThemeControllerTests.swift in Sources */ = {isa = PBXBuildFile; fileRef = F100000000000000000000BC /* ThemeControllerTests.swift */; };
		F200000000000000000000D0 /* FontFamily.swift in Sources */ = {isa = PBXBuildFile; fileRef = F100000000000000000000D0 /* FontFamily.swift */; };
		F200000000000000000000D1 /* FontFamilyTests.swift in Sources */ = {isa = PBXBuildFile; fileRef = F100000000000000000000D1 /* FontFamilyTests.swift */; };
		F200000000000000000000D2 /* ThemeFontTests.swift in Sources */ = {isa = PBXBuildFile; fileRef = F100000000000000000000D2 /* ThemeFontTests.swift */; };
		F200000000000000000000D3 /* CursorStyle.swift in Sources */ = {isa = PBXBuildFile; fileRef = F100000000000000000000D3 /* CursorStyle.swift */; };
		F200000000000000000000D4 /* CursorStyleTests.swift in Sources */ = {isa = PBXBuildFile; fileRef = F100000000000000000000D4 /* CursorStyleTests.swift */; };
		F200000000000000000000D5 /* FormattingPref.swift in Sources */ = {isa = PBXBuildFile; fileRef = F100000000000000000000D5 /* FormattingPref.swift */; };
		F200000000000000000000D7 /* LineNumbering.swift in Sources */ = {isa = PBXBuildFile; fileRef = F100000000000000000000D7 /* LineNumbering.swift */; };
		F200000000000000000000D8 /* LineNumberGutterView.swift in Sources */ = {isa = PBXBuildFile; fileRef = F100000000000000000000D8 /* LineNumberGutterView.swift */; };
		F200000000000000000000DA /* EditorBackground.swift in Sources */ = {isa = PBXBuildFile; fileRef = F100000000000000000000DA /* EditorBackground.swift */; };
		F200000000000000000000DC /* EditingPrefs.swift in Sources */ = {isa = PBXBuildFile; fileRef = F100000000000000000000DC /* EditingPrefs.swift */; };
		F200000000000000000000D6 /* FormattingPrefTests.swift in Sources */ = {isa = PBXBuildFile; fileRef = F100000000000000000000D6 /* FormattingPrefTests.swift */; };
		F200000000000000000000D9 /* LineNumberingTests.swift in Sources */ = {isa = PBXBuildFile; fileRef = F100000000000000000000D9 /* LineNumberingTests.swift */; };
		F200000000000000000000DB /* EditorBackgroundTests.swift in Sources */ = {isa = PBXBuildFile; fileRef = F100000000000000000000DB /* EditorBackgroundTests.swift */; };
		F200000000000000000000DD /* EditingPrefsTests.swift in Sources */ = {isa = PBXBuildFile; fileRef = F100000000000000000000DD /* EditingPrefsTests.swift */; };
		DADCBF7C62977F1DFDF7E92D /* MarkdownParser.swift in Sources */ = {isa = PBXBuildFile; fileRef = AFA3156A338EAC0962E21285 /* MarkdownParser.swift */; };
		F74F75DE08A320A080A2D7B9 /* MarkdownParserTests.swift in Sources */ = {isa = PBXBuildFile; fileRef = 982E59ADE94C406195D25D40 /* MarkdownParserTests.swift */; };
		1A3A8DA1B4A335C010F5E747 /* MarkdownRenderEngine.swift in Sources */ = {isa = PBXBuildFile; fileRef = BB0C24D55EDA7CAE0E191A87 /* MarkdownRenderEngine.swift */; };
		DB835E63A91FA9D630E10747 /* MarkdownRenderEngineTests.swift in Sources */ = {isa = PBXBuildFile; fileRef = F3F6A9F6757BC251095C0001 /* MarkdownRenderEngineTests.swift */; };
		F0FA7635A1615D15203BD034 /* BundledResourcesTests.swift in Sources */ = {isa = PBXBuildFile; fileRef = E771F07DEC19A4F1D122998A /* BundledResourcesTests.swift */; };
		0387863D1D5B795236E0E06C /* MarkdownSchemeHandler.swift in Sources */ = {isa = PBXBuildFile; fileRef = CDF99FF96CB5FACF0F1F0145 /* MarkdownSchemeHandler.swift */; };
		FC3D9858D250B71EBFAA8A12 /* MarkdownSchemeHandlerTests.swift in Sources */ = {isa = PBXBuildFile; fileRef = F110A67E5592BF083EFEFAF5 /* MarkdownSchemeHandlerTests.swift */; };
		99BC00F2F2D755EB926CAB40 /* HostileFixtureTests.swift in Sources */ = {isa = PBXBuildFile; fileRef = 0CFFAC05894BAD795958A946 /* HostileFixtureTests.swift */; };
		C7A273CEAD89502E8A14E2E5 /* EditorFocusTests.swift in Sources */ = {isa = PBXBuildFile; fileRef = E4239F84B2D84BCE980945F3 /* EditorFocusTests.swift */; };
		D845B2A7AF12F839E4E52B8B /* PreviewPrefs.swift in Sources */ = {isa = PBXBuildFile; fileRef = 04A79871D98C9837F004EB46 /* PreviewPrefs.swift */; };
		19A211418D0630636DA34272 /* PreviewPrefTests.swift in Sources */ = {isa = PBXBuildFile; fileRef = 8B13433DC73A93517149F089 /* PreviewPrefTests.swift */; };
		1A5438D369A0CEAEDE2F6A81 /* PreviewWebView.swift in Sources */ = {isa = PBXBuildFile; fileRef = AAE02E8A6110F51D9DD6850A /* PreviewWebView.swift */; };
		FC0B2D1CDC94C12E7776EB53 /* PreviewNavigationTests.swift in Sources */ = {isa = PBXBuildFile; fileRef = 5E624FED359A4B6B216BA838 /* PreviewNavigationTests.swift */; };
		71ACE66F3EFFDCED7B21676A /* PreviewSecurityTests.swift in Sources */ = {isa = PBXBuildFile; fileRef = 4394E496EC6FE89A2E5E6A74 /* PreviewSecurityTests.swift */; };
		0257688EEF00E9654A7724F3 /* PreviewCSS.swift in Sources */ = {isa = PBXBuildFile; fileRef = FE6AB344E1112F1DB8DC75F4 /* PreviewCSS.swift */; };
		8DCB769687529CCCF7D07CD0 /* PreviewCSSTests.swift in Sources */ = {isa = PBXBuildFile; fileRef = 68D6D11E7EBFB9F20111D754 /* PreviewCSSTests.swift */; };
		839640A07555EA93D52B6FDF /* PreviewRenderGateTests.swift in Sources */ = {isa = PBXBuildFile; fileRef = D4A577C7187DD75D3F7E807D /* PreviewRenderGateTests.swift */; };
		E919BFC961A82DB88595EADC /* PreviewWebViewTests.swift in Sources */ = {isa = PBXBuildFile; fileRef = 6F12C0A4A1F40FD405C0C4AE /* PreviewWebViewTests.swift */; };
		E1F082155B8A5CA4884A7F2E /* PreviewDOMTests.swift in Sources */ = {isa = PBXBuildFile; fileRef = 3128175A770BB56CB19FA09A /* PreviewDOMTests.swift */; };
		7499AE5294479D4DD7AB0778 /* EditorScrollSyncTests.swift in Sources */ = {isa = PBXBuildFile; fileRef = 6E977311A63A8D16C5792EC5 /* EditorScrollSyncTests.swift */; };
		D02796CE9CA7F9318B960BFB /* DocumentLayoutTests.swift in Sources */ = {isa = PBXBuildFile; fileRef = 0B5A56CCC2E05D31A58426CD /* DocumentLayoutTests.swift */; };
		B67932FD9D286704C4251EE6 /* HTMLExporter.swift in Sources */ = {isa = PBXBuildFile; fileRef = 6E0C7911740CA5F59979C9F5 /* HTMLExporter.swift */; };
		320E2A9F53F1E24831379A2C /* HTMLExporterTests.swift in Sources */ = {isa = PBXBuildFile; fileRef = 4A4127FF9B63108E0487420E /* HTMLExporterTests.swift */; };
		56F9ED4BC0444AB1C3F86D72 /* MermaidEngineTests.swift in Sources */ = {isa = PBXBuildFile; fileRef = 365B79165C8B0514EA5E8693 /* MermaidEngineTests.swift */; };
		85710D3D04A50B073EE1E8FA /* MermaidRenderTests.swift in Sources */ = {isa = PBXBuildFile; fileRef = 1E00920617D5025775E93E76 /* MermaidRenderTests.swift */; };
		39CFDECAD3251AD4C4A063BD /* MermaidSecurityTests.swift in Sources */ = {isa = PBXBuildFile; fileRef = 490547A2EA5007B2C7D4163E /* MermaidSecurityTests.swift */; };
		68693F06AF520AA94B831C66 /* LineNumbersPrefTests.swift in Sources */ = {isa = PBXBuildFile; fileRef = C3D36EDF562C6A509F17B3ED /* LineNumbersPrefTests.swift */; };
		F7A32037710E0C3BCC51914E /* ScrollSync.swift in Sources */ = {isa = PBXBuildFile; fileRef = B2F93522049DA65BC139B358 /* ScrollSync.swift */; };
		3464013F6B89EBB0CE675418 /* ScrollSyncBridgeTests.swift in Sources */ = {isa = PBXBuildFile; fileRef = 9B7DCD2A6BEA711421B25DF2 /* ScrollSyncBridgeTests.swift */; };
		A85AAFCCD2FF0F0A2BB42900 /* EditorToolbar.swift in Sources */ = {isa = PBXBuildFile; fileRef = E218C30C48BAA8A5D47366FB /* EditorToolbar.swift */; };
		5B3DF9AFF090D3220D82AF97 /* EditorToolbarTests.swift in Sources */ = {isa = PBXBuildFile; fileRef = 60E59C60AD0980CB0EFCC1AD /* EditorToolbarTests.swift */; };
		BA988A9A8EAC7FC4344B9BBE /* Templates.swift in Sources */ = {isa = PBXBuildFile; fileRef = D6EA9B75A2517582E4B8DB83 /* Templates.swift */; };
		EAE968B28A7C91B90F80CB95 /* TemplatesTests.swift in Sources */ = {isa = PBXBuildFile; fileRef = 0D5632E1BA961B1D9654CF0F /* TemplatesTests.swift */; };
/* End PBXBuildFile section */

/* Begin PBXContainerItemProxy section */
		F700000000000000000000A1 /* PBXContainerItemProxy */ = {
			isa = PBXContainerItemProxy;
			containerPortal = AAAAAAAAAAAAAAAAAAAAAAAA /* Project object */;
			proxyType = 1;
			remoteGlobalIDString = F3000000000000000000000A;
			remoteInfo = MacMD;
		};
/* End PBXContainerItemProxy section */

/* Begin PBXFileReference section */
		F1000000000000000000000A /* MacMDApp.swift */ = {isa = PBXFileReference; lastKnownFileType = sourcecode.swift; path = MacMDApp.swift; sourceTree = "<group>"; };
		F1000000000000000000000B /* MarkdownDocument.swift */ = {isa = PBXFileReference; lastKnownFileType = sourcecode.swift; path = MarkdownDocument.swift; sourceTree = "<group>"; };
		F1000000000000000000000C /* DocumentView.swift */ = {isa = PBXFileReference; lastKnownFileType = sourcecode.swift; path = DocumentView.swift; sourceTree = "<group>"; };
		F1000000000000000000001A /* WordCount.swift */ = {isa = PBXFileReference; lastKnownFileType = sourcecode.swift; path = WordCount.swift; sourceTree = "<group>"; };
		F1000000000000000000001C /* HelpView.swift */ = {isa = PBXFileReference; lastKnownFileType = sourcecode.swift; path = HelpView.swift; sourceTree = "<group>"; };
		F1000000000000000000000D /* MarkdownTextView.swift */ = {isa = PBXFileReference; lastKnownFileType = sourcecode.swift; path = MarkdownTextView.swift; sourceTree = "<group>"; };
		F1000000000000000000000E /* MarkdownHighlighter.swift */ = {isa = PBXFileReference; lastKnownFileType = sourcecode.swift; path = MarkdownHighlighter.swift; sourceTree = "<group>"; };
		F1000000000000000000000F /* Theme.swift */ = {isa = PBXFileReference; lastKnownFileType = sourcecode.swift; path = Theme.swift; sourceTree = "<group>"; };
		F100000000000000000000A0 /* Assets.xcassets */ = {isa = PBXFileReference; lastKnownFileType = folder.assetcatalog; path = Assets.xcassets; sourceTree = "<group>"; };
		FD5B50E7485D1E257343F4A8 /* preview.html */ = {isa = PBXFileReference; lastKnownFileType = text.html; path = "preview.html"; sourceTree = "<group>"; };
		560F1D9BCB9A65950A0AE24F /* markdown-it.min.js */ = {isa = PBXFileReference; lastKnownFileType = sourcecode.javascript; path = "markdown-it.min.js"; sourceTree = "<group>"; };
		9D12BD6EDC1CD88FBCD24B1E /* mermaid.min.js */ = {isa = PBXFileReference; lastKnownFileType = sourcecode.javascript; path = "mermaid.min.js"; sourceTree = "<group>"; };
		03D3AB61423C2428203180D6 /* preview-base.css */ = {isa = PBXFileReference; lastKnownFileType = text.css; path = "preview-base.css"; sourceTree = "<group>"; };
		F100000000000000000000A1 /* MacMD.entitlements */ = {isa = PBXFileReference; lastKnownFileType = text.plist.entitlements; path = MacMD.entitlements; sourceTree = "<group>"; };
		F100000000000000000000A2 /* Info.plist */ = {isa = PBXFileReference; lastKnownFileType = text.plist.xml; path = Info.plist; sourceTree = "<group>"; };
		F100000000000000000000A3 /* MarkdownHighlighterTests.swift */ = {isa = PBXFileReference; lastKnownFileType = sourcecode.swift; path = MarkdownHighlighterTests.swift; sourceTree = "<group>"; };
		F1000000000000000000001B /* WordCountTests.swift */ = {isa = PBXFileReference; lastKnownFileType = sourcecode.swift; path = WordCountTests.swift; sourceTree = "<group>"; };
		F100000000000000000000A6 /* MarkdownDocumentTests.swift */ = {isa = PBXFileReference; lastKnownFileType = sourcecode.swift; path = MarkdownDocumentTests.swift; sourceTree = "<group>"; };
		F100000000000000000000A8 /* TaskListInteractionTests.swift */ = {isa = PBXFileReference; lastKnownFileType = sourcecode.swift; path = TaskListInteractionTests.swift; sourceTree = "<group>"; };
		F100000000000000000000B0 /* EditingCommands.swift */ = {isa = PBXFileReference; lastKnownFileType = sourcecode.swift; path = EditingCommands.swift; sourceTree = "<group>"; };
		F100000000000000000000B1 /* EditingCommandsTests.swift */ = {isa = PBXFileReference; lastKnownFileType = sourcecode.swift; path = EditingCommandsTests.swift; sourceTree = "<group>"; };
		F100000000000000000000B2 /* ColorTheming.swift */ = {isa = PBXFileReference; lastKnownFileType = sourcecode.swift; path = ColorTheming.swift; sourceTree = "<group>"; };
		F100000000000000000000B3 /* ColorThemingTests.swift */ = {isa = PBXFileReference; lastKnownFileType = sourcecode.swift; path = ColorThemingTests.swift; sourceTree = "<group>"; };
		F100000000000000000000B4 /* SectionMap.swift */ = {isa = PBXFileReference; lastKnownFileType = sourcecode.swift; path = SectionMap.swift; sourceTree = "<group>"; };
		F100000000000000000000B5 /* SectionMapTests.swift */ = {isa = PBXFileReference; lastKnownFileType = sourcecode.swift; path = SectionMapTests.swift; sourceTree = "<group>"; };
		F100000000000000000000C8 /* AppearanceInteractionTests.swift */ = {isa = PBXFileReference; lastKnownFileType = sourcecode.swift; path = AppearanceInteractionTests.swift; sourceTree = "<group>"; };
		F100000000000000000000B6 /* ThemeSettings.swift */ = {isa = PBXFileReference; lastKnownFileType = sourcecode.swift; path = ThemeSettings.swift; sourceTree = "<group>"; };
		F100000000000000000000B7 /* ThemeSettingsTests.swift */ = {isa = PBXFileReference; lastKnownFileType = sourcecode.swift; path = ThemeSettingsTests.swift; sourceTree = "<group>"; };
		F100000000000000000000B8 /* SettingsView.swift */ = {isa = PBXFileReference; lastKnownFileType = sourcecode.swift; path = SettingsView.swift; sourceTree = "<group>"; };
		F100000000000000000000B9 /* ThemePreview.swift */ = {isa = PBXFileReference; lastKnownFileType = sourcecode.swift; path = ThemePreview.swift; sourceTree = "<group>"; };
		F100000000000000000000BA /* CustomThemeEditor.swift */ = {isa = PBXFileReference; lastKnownFileType = sourcecode.swift; path = CustomThemeEditor.swift; sourceTree = "<group>"; };
		F100000000000000000000BB /* ThemeController.swift */ = {isa = PBXFileReference; lastKnownFileType = sourcecode.swift; path = ThemeController.swift; sourceTree = "<group>"; };
		F100000000000000000000BC /* ThemeControllerTests.swift */ = {isa = PBXFileReference; lastKnownFileType = sourcecode.swift; path = ThemeControllerTests.swift; sourceTree = "<group>"; };
		F100000000000000000000D0 /* FontFamily.swift */ = {isa = PBXFileReference; lastKnownFileType = sourcecode.swift; path = FontFamily.swift; sourceTree = "<group>"; };
		F100000000000000000000D1 /* FontFamilyTests.swift */ = {isa = PBXFileReference; lastKnownFileType = sourcecode.swift; path = FontFamilyTests.swift; sourceTree = "<group>"; };
		F100000000000000000000D2 /* ThemeFontTests.swift */ = {isa = PBXFileReference; lastKnownFileType = sourcecode.swift; path = ThemeFontTests.swift; sourceTree = "<group>"; };
		F100000000000000000000D3 /* CursorStyle.swift */ = {isa = PBXFileReference; lastKnownFileType = sourcecode.swift; path = CursorStyle.swift; sourceTree = "<group>"; };
		F100000000000000000000D4 /* CursorStyleTests.swift */ = {isa = PBXFileReference; lastKnownFileType = sourcecode.swift; path = CursorStyleTests.swift; sourceTree = "<group>"; };
		F100000000000000000000D5 /* FormattingPref.swift */ = {isa = PBXFileReference; lastKnownFileType = sourcecode.swift; path = FormattingPref.swift; sourceTree = "<group>"; };
		F100000000000000000000D7 /* LineNumbering.swift */ = {isa = PBXFileReference; lastKnownFileType = sourcecode.swift; path = LineNumbering.swift; sourceTree = "<group>"; };
		F100000000000000000000D8 /* LineNumberGutterView.swift */ = {isa = PBXFileReference; lastKnownFileType = sourcecode.swift; path = LineNumberGutterView.swift; sourceTree = "<group>"; };
		F100000000000000000000DA /* EditorBackground.swift */ = {isa = PBXFileReference; lastKnownFileType = sourcecode.swift; path = EditorBackground.swift; sourceTree = "<group>"; };
		F100000000000000000000DB /* EditorBackgroundTests.swift */ = {isa = PBXFileReference; lastKnownFileType = sourcecode.swift; path = EditorBackgroundTests.swift; sourceTree = "<group>"; };
		F100000000000000000000DC /* EditingPrefs.swift */ = {isa = PBXFileReference; lastKnownFileType = sourcecode.swift; path = EditingPrefs.swift; sourceTree = "<group>"; };
		F100000000000000000000DD /* EditingPrefsTests.swift */ = {isa = PBXFileReference; lastKnownFileType = sourcecode.swift; path = EditingPrefsTests.swift; sourceTree = "<group>"; };
		F100000000000000000000D6 /* FormattingPrefTests.swift */ = {isa = PBXFileReference; lastKnownFileType = sourcecode.swift; path = FormattingPrefTests.swift; sourceTree = "<group>"; };
		F100000000000000000000D9 /* LineNumberingTests.swift */ = {isa = PBXFileReference; lastKnownFileType = sourcecode.swift; path = LineNumberingTests.swift; sourceTree = "<group>"; };
		F100000000000000000000A4 /* MacMD.app */ = {isa = PBXFileReference; explicitFileType = wrapper.application; includeInIndex = 0; path = MacMD.app; sourceTree = BUILT_PRODUCTS_DIR; };
		F100000000000000000000A5 /* MacMDTests.xctest */ = {isa = PBXFileReference; explicitFileType = wrapper.cfbundle; includeInIndex = 0; path = MacMDTests.xctest; sourceTree = BUILT_PRODUCTS_DIR; };
		AFA3156A338EAC0962E21285 /* MarkdownParser.swift */ = {isa = PBXFileReference; lastKnownFileType = sourcecode.swift; path = MarkdownParser.swift; sourceTree = "<group>"; };
		982E59ADE94C406195D25D40 /* MarkdownParserTests.swift */ = {isa = PBXFileReference; lastKnownFileType = sourcecode.swift; path = MarkdownParserTests.swift; sourceTree = "<group>"; };
		BB0C24D55EDA7CAE0E191A87 /* MarkdownRenderEngine.swift */ = {isa = PBXFileReference; lastKnownFileType = sourcecode.swift; path = MarkdownRenderEngine.swift; sourceTree = "<group>"; };
		F3F6A9F6757BC251095C0001 /* MarkdownRenderEngineTests.swift */ = {isa = PBXFileReference; lastKnownFileType = sourcecode.swift; path = MarkdownRenderEngineTests.swift; sourceTree = "<group>"; };
		E771F07DEC19A4F1D122998A /* BundledResourcesTests.swift */ = {isa = PBXFileReference; lastKnownFileType = sourcecode.swift; path = BundledResourcesTests.swift; sourceTree = "<group>"; };
		CDF99FF96CB5FACF0F1F0145 /* MarkdownSchemeHandler.swift */ = {isa = PBXFileReference; lastKnownFileType = sourcecode.swift; path = MarkdownSchemeHandler.swift; sourceTree = "<group>"; };
		F110A67E5592BF083EFEFAF5 /* MarkdownSchemeHandlerTests.swift */ = {isa = PBXFileReference; lastKnownFileType = sourcecode.swift; path = MarkdownSchemeHandlerTests.swift; sourceTree = "<group>"; };
		0CFFAC05894BAD795958A946 /* HostileFixtureTests.swift */ = {isa = PBXFileReference; lastKnownFileType = sourcecode.swift; path = HostileFixtureTests.swift; sourceTree = "<group>"; };
		E4239F84B2D84BCE980945F3 /* EditorFocusTests.swift */ = {isa = PBXFileReference; lastKnownFileType = sourcecode.swift; path = EditorFocusTests.swift; sourceTree = "<group>"; };
		04A79871D98C9837F004EB46 /* PreviewPrefs.swift */ = {isa = PBXFileReference; lastKnownFileType = sourcecode.swift; path = PreviewPrefs.swift; sourceTree = "<group>"; };
		8B13433DC73A93517149F089 /* PreviewPrefTests.swift */ = {isa = PBXFileReference; lastKnownFileType = sourcecode.swift; path = PreviewPrefTests.swift; sourceTree = "<group>"; };
		AAE02E8A6110F51D9DD6850A /* PreviewWebView.swift */ = {isa = PBXFileReference; lastKnownFileType = sourcecode.swift; path = PreviewWebView.swift; sourceTree = "<group>"; };
		5E624FED359A4B6B216BA838 /* PreviewNavigationTests.swift */ = {isa = PBXFileReference; lastKnownFileType = sourcecode.swift; path = PreviewNavigationTests.swift; sourceTree = "<group>"; };
		4394E496EC6FE89A2E5E6A74 /* PreviewSecurityTests.swift */ = {isa = PBXFileReference; lastKnownFileType = sourcecode.swift; path = PreviewSecurityTests.swift; sourceTree = "<group>"; };
		FE6AB344E1112F1DB8DC75F4 /* PreviewCSS.swift */ = {isa = PBXFileReference; lastKnownFileType = sourcecode.swift; path = PreviewCSS.swift; sourceTree = "<group>"; };
		68D6D11E7EBFB9F20111D754 /* PreviewCSSTests.swift */ = {isa = PBXFileReference; lastKnownFileType = sourcecode.swift; path = PreviewCSSTests.swift; sourceTree = "<group>"; };
		D4A577C7187DD75D3F7E807D /* PreviewRenderGateTests.swift */ = {isa = PBXFileReference; lastKnownFileType = sourcecode.swift; path = PreviewRenderGateTests.swift; sourceTree = "<group>"; };
		6F12C0A4A1F40FD405C0C4AE /* PreviewWebViewTests.swift */ = {isa = PBXFileReference; lastKnownFileType = sourcecode.swift; path = PreviewWebViewTests.swift; sourceTree = "<group>"; };
		3128175A770BB56CB19FA09A /* PreviewDOMTests.swift */ = {isa = PBXFileReference; lastKnownFileType = sourcecode.swift; path = PreviewDOMTests.swift; sourceTree = "<group>"; };
		6E977311A63A8D16C5792EC5 /* EditorScrollSyncTests.swift */ = {isa = PBXFileReference; lastKnownFileType = sourcecode.swift; path = EditorScrollSyncTests.swift; sourceTree = "<group>"; };
		0B5A56CCC2E05D31A58426CD /* DocumentLayoutTests.swift */ = {isa = PBXFileReference; lastKnownFileType = sourcecode.swift; path = DocumentLayoutTests.swift; sourceTree = "<group>"; };
		6E0C7911740CA5F59979C9F5 /* HTMLExporter.swift */ = {isa = PBXFileReference; lastKnownFileType = sourcecode.swift; path = HTMLExporter.swift; sourceTree = "<group>"; };
		4A4127FF9B63108E0487420E /* HTMLExporterTests.swift */ = {isa = PBXFileReference; lastKnownFileType = sourcecode.swift; path = HTMLExporterTests.swift; sourceTree = "<group>"; };
		365B79165C8B0514EA5E8693 /* MermaidEngineTests.swift */ = {isa = PBXFileReference; lastKnownFileType = sourcecode.swift; path = MermaidEngineTests.swift; sourceTree = "<group>"; };
		1E00920617D5025775E93E76 /* MermaidRenderTests.swift */ = {isa = PBXFileReference; lastKnownFileType = sourcecode.swift; path = MermaidRenderTests.swift; sourceTree = "<group>"; };
		490547A2EA5007B2C7D4163E /* MermaidSecurityTests.swift */ = {isa = PBXFileReference; lastKnownFileType = sourcecode.swift; path = MermaidSecurityTests.swift; sourceTree = "<group>"; };
		C3D36EDF562C6A509F17B3ED /* LineNumbersPrefTests.swift */ = {isa = PBXFileReference; lastKnownFileType = sourcecode.swift; path = LineNumbersPrefTests.swift; sourceTree = "<group>"; };
		B2F93522049DA65BC139B358 /* ScrollSync.swift */ = {isa = PBXFileReference; lastKnownFileType = sourcecode.swift; path = ScrollSync.swift; sourceTree = "<group>"; };
		9B7DCD2A6BEA711421B25DF2 /* ScrollSyncBridgeTests.swift */ = {isa = PBXFileReference; lastKnownFileType = sourcecode.swift; path = ScrollSyncBridgeTests.swift; sourceTree = "<group>"; };
		E218C30C48BAA8A5D47366FB /* EditorToolbar.swift */ = {isa = PBXFileReference; lastKnownFileType = sourcecode.swift; path = EditorToolbar.swift; sourceTree = "<group>"; };
		60E59C60AD0980CB0EFCC1AD /* EditorToolbarTests.swift */ = {isa = PBXFileReference; lastKnownFileType = sourcecode.swift; path = EditorToolbarTests.swift; sourceTree = "<group>"; };
		D6EA9B75A2517582E4B8DB83 /* Templates.swift */ = {isa = PBXFileReference; lastKnownFileType = sourcecode.swift; path = Templates.swift; sourceTree = "<group>"; };
		0D5632E1BA961B1D9654CF0F /* TemplatesTests.swift */ = {isa = PBXFileReference; lastKnownFileType = sourcecode.swift; path = TemplatesTests.swift; sourceTree = "<group>"; };
/* End PBXFileReference section */

/* Begin PBXFrameworksBuildPhase section */
		F4000000000000000000000C /* Frameworks */ = {
			isa = PBXFrameworksBuildPhase;
			buildActionMask = 2147483647;
			files = (
			);
			runOnlyForDeploymentPostprocessing = 0;
		};
		F4000000000000000000000F /* Frameworks */ = {
			isa = PBXFrameworksBuildPhase;
			buildActionMask = 2147483647;
			files = (
			);
			runOnlyForDeploymentPostprocessing = 0;
		};
/* End PBXFrameworksBuildPhase section */

/* Begin PBXGroup section */
		BBBBBBBBBBBBBBBBBBBBBBBB = {
			isa = PBXGroup;
			children = (
				CCCCCCCCCCCCCCCCCCCCCCCC /* MacMD */,
				DDDDDDDDDDDDDDDDDDDDDDDD /* MacMDTests */,
				EEEEEEEEEEEEEEEEEEEEEEEE /* Products */,
			);
			sourceTree = "<group>";
		};
		CCCCCCCCCCCCCCCCCCCCCCCC /* MacMD */ = {
			isa = PBXGroup;
			children = (
				F1000000000000000000000A /* MacMDApp.swift */,
				F1000000000000000000000B /* MarkdownDocument.swift */,
				F1000000000000000000000C /* DocumentView.swift */,
				F1000000000000000000001A /* WordCount.swift */,
				F1000000000000000000001C /* HelpView.swift */,
				F1000000000000000000000D /* MarkdownTextView.swift */,
				F1000000000000000000000E /* MarkdownHighlighter.swift */,
				F1000000000000000000000F /* Theme.swift */,
				F100000000000000000000B0 /* EditingCommands.swift */,
				F100000000000000000000B2 /* ColorTheming.swift */,
				F100000000000000000000B4 /* SectionMap.swift */,
				F100000000000000000000B6 /* ThemeSettings.swift */,
				F100000000000000000000B8 /* SettingsView.swift */,
				F100000000000000000000B9 /* ThemePreview.swift */,
				F100000000000000000000BA /* CustomThemeEditor.swift */,
				F100000000000000000000BB /* ThemeController.swift */,
				F100000000000000000000D0 /* FontFamily.swift */,
				F100000000000000000000D3 /* CursorStyle.swift */,
				F100000000000000000000D5 /* FormattingPref.swift */,
				F100000000000000000000D7 /* LineNumbering.swift */,
				F100000000000000000000D8 /* LineNumberGutterView.swift */,
				F100000000000000000000DA /* EditorBackground.swift */,
				F100000000000000000000DC /* EditingPrefs.swift */,
				F100000000000000000000A0 /* Assets.xcassets */,
				F100000000000000000000A2 /* Info.plist */,
				F100000000000000000000A1 /* MacMD.entitlements */,
				AFA3156A338EAC0962E21285 /* MarkdownParser.swift */,
				BB0C24D55EDA7CAE0E191A87 /* MarkdownRenderEngine.swift */,
				06989260B7CBDBB15D3A9570 /* Preview */,
				CDF99FF96CB5FACF0F1F0145 /* MarkdownSchemeHandler.swift */,
				04A79871D98C9837F004EB46 /* PreviewPrefs.swift */,
				AAE02E8A6110F51D9DD6850A /* PreviewWebView.swift */,
				FE6AB344E1112F1DB8DC75F4 /* PreviewCSS.swift */,
				6E0C7911740CA5F59979C9F5 /* HTMLExporter.swift */,
				B2F93522049DA65BC139B358 /* ScrollSync.swift */,
				E218C30C48BAA8A5D47366FB /* EditorToolbar.swift */,
				D6EA9B75A2517582E4B8DB83 /* Templates.swift */,
			);
			path = MacMD;
			sourceTree = "<group>";
		};
		06989260B7CBDBB15D3A9570 /* Preview */ = {
			isa = PBXGroup;
			children = (
				FD5B50E7485D1E257343F4A8 /* preview.html */,
				560F1D9BCB9A65950A0AE24F /* markdown-it.min.js */,
				9D12BD6EDC1CD88FBCD24B1E /* mermaid.min.js */,
				03D3AB61423C2428203180D6 /* preview-base.css */,
			);
			path = Preview;
			sourceTree = "<group>";
		};
		DDDDDDDDDDDDDDDDDDDDDDDD /* MacMDTests */ = {
			isa = PBXGroup;
			children = (
				F100000000000000000000A3 /* MarkdownHighlighterTests.swift */,
				F100000000000000000000A6 /* MarkdownDocumentTests.swift */,
				F100000000000000000000A8 /* TaskListInteractionTests.swift */,
				F100000000000000000000B1 /* EditingCommandsTests.swift */,
				F100000000000000000000B3 /* ColorThemingTests.swift */,
				F100000000000000000000B5 /* SectionMapTests.swift */,
				F100000000000000000000C8 /* AppearanceInteractionTests.swift */,
				F100000000000000000000B7 /* ThemeSettingsTests.swift */,
				F100000000000000000000BC /* ThemeControllerTests.swift */,
				F1000000000000000000001B /* WordCountTests.swift */,
				F100000000000000000000D1 /* FontFamilyTests.swift */,
				F100000000000000000000D2 /* ThemeFontTests.swift */,
				F100000000000000000000D4 /* CursorStyleTests.swift */,
				F100000000000000000000D6 /* FormattingPrefTests.swift */,
				F100000000000000000000D9 /* LineNumberingTests.swift */,
				F100000000000000000000DB /* EditorBackgroundTests.swift */,
				F100000000000000000000DD /* EditingPrefsTests.swift */,
				982E59ADE94C406195D25D40 /* MarkdownParserTests.swift */,
				F3F6A9F6757BC251095C0001 /* MarkdownRenderEngineTests.swift */,
				E771F07DEC19A4F1D122998A /* BundledResourcesTests.swift */,
				F110A67E5592BF083EFEFAF5 /* MarkdownSchemeHandlerTests.swift */,
				0CFFAC05894BAD795958A946 /* HostileFixtureTests.swift */,
				E4239F84B2D84BCE980945F3 /* EditorFocusTests.swift */,
				8B13433DC73A93517149F089 /* PreviewPrefTests.swift */,
				5E624FED359A4B6B216BA838 /* PreviewNavigationTests.swift */,
				4394E496EC6FE89A2E5E6A74 /* PreviewSecurityTests.swift */,
				68D6D11E7EBFB9F20111D754 /* PreviewCSSTests.swift */,
				D4A577C7187DD75D3F7E807D /* PreviewRenderGateTests.swift */,
				6F12C0A4A1F40FD405C0C4AE /* PreviewWebViewTests.swift */,
				3128175A770BB56CB19FA09A /* PreviewDOMTests.swift */,
				6E977311A63A8D16C5792EC5 /* EditorScrollSyncTests.swift */,
				0B5A56CCC2E05D31A58426CD /* DocumentLayoutTests.swift */,
				4A4127FF9B63108E0487420E /* HTMLExporterTests.swift */,
				365B79165C8B0514EA5E8693 /* MermaidEngineTests.swift */,
				1E00920617D5025775E93E76 /* MermaidRenderTests.swift */,
				490547A2EA5007B2C7D4163E /* MermaidSecurityTests.swift */,
				C3D36EDF562C6A509F17B3ED /* LineNumbersPrefTests.swift */,
				9B7DCD2A6BEA711421B25DF2 /* ScrollSyncBridgeTests.swift */,
				60E59C60AD0980CB0EFCC1AD /* EditorToolbarTests.swift */,
				0D5632E1BA961B1D9654CF0F /* TemplatesTests.swift */,
			);
			path = MacMDTests;
			sourceTree = "<group>";
		};
		EEEEEEEEEEEEEEEEEEEEEEEE /* Products */ = {
			isa = PBXGroup;
			children = (
				F100000000000000000000A4 /* MacMD.app */,
				F100000000000000000000A5 /* MacMDTests.xctest */,
			);
			name = Products;
			sourceTree = "<group>";
		};
/* End PBXGroup section */

/* Begin PBXNativeTarget section */
		F3000000000000000000000A /* MacMD */ = {
			isa = PBXNativeTarget;
			buildConfigurationList = F5000000000000000000000B /* Build configuration list for PBXNativeTarget "MacMD" */;
			buildPhases = (
				F4000000000000000000000A /* Sources */,
				F4000000000000000000000B /* Resources */,
				F4000000000000000000000C /* Frameworks */,
			);
			buildRules = (
			);
			dependencies = (
			);
			name = MacMD;
			productName = MacMD;
			productReference = F100000000000000000000A4 /* MacMD.app */;
			productType = "com.apple.product-type.application";
		};
		F3000000000000000000000B /* MacMDTests */ = {
			isa = PBXNativeTarget;
			buildConfigurationList = F5000000000000000000000C /* Build configuration list for PBXNativeTarget "MacMDTests" */;
			buildPhases = (
				F4000000000000000000000D /* Sources */,
				F4000000000000000000000E /* Resources */,
				F4000000000000000000000F /* Frameworks */,
			);
			buildRules = (
			);
			dependencies = (
				F700000000000000000000A0 /* PBXTargetDependency */,
			);
			name = MacMDTests;
			productName = MacMDTests;
			productReference = F100000000000000000000A5 /* MacMDTests.xctest */;
			productType = "com.apple.product-type.bundle.unit-test";
		};
/* End PBXNativeTarget section */

/* Begin PBXProject section */
		AAAAAAAAAAAAAAAAAAAAAAAA /* Project object */ = {
			isa = PBXProject;
			attributes = {
				BuildIndependentTargetsInParallel = 1;
				LastSwiftUpdateCheck = 1600;
				LastUpgradeCheck = 1600;
				TargetAttributes = {
					F3000000000000000000000A = {
						CreatedOnToolsVersion = 16.0;
					};
					F3000000000000000000000B = {
						CreatedOnToolsVersion = 16.0;
						TestTargetID = F3000000000000000000000A;
					};
				};
			};
			buildConfigurationList = F5000000000000000000000A /* Build configuration list for PBXProject "MacMD" */;
			developmentRegion = en;
			hasScannedForEncodings = 0;
			knownRegions = (
				en,
				Base,
			);
			mainGroup = BBBBBBBBBBBBBBBBBBBBBBBB;
			productRefGroup = EEEEEEEEEEEEEEEEEEEEEEEE /* Products */;
			projectDirPath = "";
			projectRoot = "";
			targets = (
				F3000000000000000000000A /* MacMD */,
				F3000000000000000000000B /* MacMDTests */,
			);
		};
/* End PBXProject section */

/* Begin PBXResourcesBuildPhase section */
		F4000000000000000000000B /* Resources */ = {
			isa = PBXResourcesBuildPhase;
			buildActionMask = 2147483647;
			files = (
				F200000000000000000000A0 /* Assets.xcassets in Resources */,
				AC91DB8B15E7CE2E46E9E3F9 /* preview.html in Resources */,
				485D1110C7C23BA265AED3B5 /* markdown-it.min.js in Resources */,
				C1B7AE8865A89FA7446FF993 /* mermaid.min.js in Resources */,
				572F64A1E46A1D8BB8843F5C /* preview-base.css in Resources */,
			);
			runOnlyForDeploymentPostprocessing = 0;
		};
		F4000000000000000000000E /* Resources */ = {
			isa = PBXResourcesBuildPhase;
			buildActionMask = 2147483647;
			files = (
			);
			runOnlyForDeploymentPostprocessing = 0;
		};
/* End PBXResourcesBuildPhase section */

/* Begin PBXSourcesBuildPhase section */
		F4000000000000000000000A /* Sources */ = {
			isa = PBXSourcesBuildPhase;
			buildActionMask = 2147483647;
			files = (
				F2000000000000000000000A /* MacMDApp.swift in Sources */,
				F2000000000000000000000B /* MarkdownDocument.swift in Sources */,
				F2000000000000000000000C /* DocumentView.swift in Sources */,
				F2000000000000000000001A /* WordCount.swift in Sources */,
				F2000000000000000000001C /* HelpView.swift in Sources */,
				F2000000000000000000000D /* MarkdownTextView.swift in Sources */,
				F2000000000000000000000E /* MarkdownHighlighter.swift in Sources */,
				F2000000000000000000000F /* Theme.swift in Sources */,
				F200000000000000000000B0 /* EditingCommands.swift in Sources */,
				F200000000000000000000B2 /* ColorTheming.swift in Sources */,
				F200000000000000000000B4 /* SectionMap.swift in Sources */,
				F200000000000000000000B6 /* ThemeSettings.swift in Sources */,
				F200000000000000000000B8 /* SettingsView.swift in Sources */,
				F200000000000000000000B9 /* ThemePreview.swift in Sources */,
				F200000000000000000000BA /* CustomThemeEditor.swift in Sources */,
				F200000000000000000000BB /* ThemeController.swift in Sources */,
				F200000000000000000000D0 /* FontFamily.swift in Sources */,
				F200000000000000000000D3 /* CursorStyle.swift in Sources */,
				F200000000000000000000D5 /* FormattingPref.swift in Sources */,
				F200000000000000000000D7 /* LineNumbering.swift in Sources */,
				F200000000000000000000D8 /* LineNumberGutterView.swift in Sources */,
				F200000000000000000000DA /* EditorBackground.swift in Sources */,
				F200000000000000000000DC /* EditingPrefs.swift in Sources */,
				DADCBF7C62977F1DFDF7E92D /* MarkdownParser.swift in Sources */,
				1A3A8DA1B4A335C010F5E747 /* MarkdownRenderEngine.swift in Sources */,
				0387863D1D5B795236E0E06C /* MarkdownSchemeHandler.swift in Sources */,
				D845B2A7AF12F839E4E52B8B /* PreviewPrefs.swift in Sources */,
				1A5438D369A0CEAEDE2F6A81 /* PreviewWebView.swift in Sources */,
				0257688EEF00E9654A7724F3 /* PreviewCSS.swift in Sources */,
				B67932FD9D286704C4251EE6 /* HTMLExporter.swift in Sources */,
				F7A32037710E0C3BCC51914E /* ScrollSync.swift in Sources */,
				A85AAFCCD2FF0F0A2BB42900 /* EditorToolbar.swift in Sources */,
				BA988A9A8EAC7FC4344B9BBE /* Templates.swift in Sources */,
			);
			runOnlyForDeploymentPostprocessing = 0;
		};
		F4000000000000000000000D /* Sources */ = {
			isa = PBXSourcesBuildPhase;
			buildActionMask = 2147483647;
			files = (
				F200000000000000000000A1 /* MarkdownHighlighterTests.swift in Sources */,
				F200000000000000000000A7 /* MarkdownDocumentTests.swift in Sources */,
				F200000000000000000000A9 /* TaskListInteractionTests.swift in Sources */,
				F200000000000000000000B1 /* EditingCommandsTests.swift in Sources */,
				F200000000000000000000B3 /* ColorThemingTests.swift in Sources */,
				F200000000000000000000B5 /* SectionMapTests.swift in Sources */,
				F200000000000000000000C8 /* AppearanceInteractionTests.swift in Sources */,
				F200000000000000000000B7 /* ThemeSettingsTests.swift in Sources */,
				F200000000000000000000BC /* ThemeControllerTests.swift in Sources */,
				F2000000000000000000001B /* WordCountTests.swift in Sources */,
				F200000000000000000000D1 /* FontFamilyTests.swift in Sources */,
				F200000000000000000000D2 /* ThemeFontTests.swift in Sources */,
				F200000000000000000000D4 /* CursorStyleTests.swift in Sources */,
				F200000000000000000000D6 /* FormattingPrefTests.swift in Sources */,
				F200000000000000000000D9 /* LineNumberingTests.swift in Sources */,
				F200000000000000000000DB /* EditorBackgroundTests.swift in Sources */,
				F200000000000000000000DD /* EditingPrefsTests.swift in Sources */,
				F74F75DE08A320A080A2D7B9 /* MarkdownParserTests.swift in Sources */,
				DB835E63A91FA9D630E10747 /* MarkdownRenderEngineTests.swift in Sources */,
				F0FA7635A1615D15203BD034 /* BundledResourcesTests.swift in Sources */,
				FC3D9858D250B71EBFAA8A12 /* MarkdownSchemeHandlerTests.swift in Sources */,
				99BC00F2F2D755EB926CAB40 /* HostileFixtureTests.swift in Sources */,
				C7A273CEAD89502E8A14E2E5 /* EditorFocusTests.swift in Sources */,
				19A211418D0630636DA34272 /* PreviewPrefTests.swift in Sources */,
				FC0B2D1CDC94C12E7776EB53 /* PreviewNavigationTests.swift in Sources */,
				71ACE66F3EFFDCED7B21676A /* PreviewSecurityTests.swift in Sources */,
				8DCB769687529CCCF7D07CD0 /* PreviewCSSTests.swift in Sources */,
				839640A07555EA93D52B6FDF /* PreviewRenderGateTests.swift in Sources */,
				E919BFC961A82DB88595EADC /* PreviewWebViewTests.swift in Sources */,
				E1F082155B8A5CA4884A7F2E /* PreviewDOMTests.swift in Sources */,
				7499AE5294479D4DD7AB0778 /* EditorScrollSyncTests.swift in Sources */,
				D02796CE9CA7F9318B960BFB /* DocumentLayoutTests.swift in Sources */,
				320E2A9F53F1E24831379A2C /* HTMLExporterTests.swift in Sources */,
				56F9ED4BC0444AB1C3F86D72 /* MermaidEngineTests.swift in Sources */,
				85710D3D04A50B073EE1E8FA /* MermaidRenderTests.swift in Sources */,
				39CFDECAD3251AD4C4A063BD /* MermaidSecurityTests.swift in Sources */,
				68693F06AF520AA94B831C66 /* LineNumbersPrefTests.swift in Sources */,
				3464013F6B89EBB0CE675418 /* ScrollSyncBridgeTests.swift in Sources */,
				5B3DF9AFF090D3220D82AF97 /* EditorToolbarTests.swift in Sources */,
				EAE968B28A7C91B90F80CB95 /* TemplatesTests.swift in Sources */,
			);
			runOnlyForDeploymentPostprocessing = 0;
		};
/* End PBXSourcesBuildPhase section */

/* Begin PBXTargetDependency section */
		F700000000000000000000A0 /* PBXTargetDependency */ = {
			isa = PBXTargetDependency;
			target = F3000000000000000000000A /* MacMD */;
			targetProxy = F700000000000000000000A1 /* PBXContainerItemProxy */;
		};
/* End PBXTargetDependency section */

/* Begin XCBuildConfiguration section */
		F6000000000000000000000A /* Debug */ = {
			isa = XCBuildConfiguration;
			buildSettings = {
				ALWAYS_SEARCH_USER_PATHS = NO;
				ASSETCATALOG_COMPILER_GENERATE_SWIFT_ASSET_SYMBOL_EXTENSIONS = YES;
				CLANG_ANALYZER_NONNULL = YES;
				CLANG_ANALYZER_NUMBER_OBJECT_CONVERSION = YES_AGGRESSIVE;
				CLANG_ENABLE_MODULES = YES;
				CLANG_ENABLE_OBJC_ARC = YES;
				CLANG_ENABLE_OBJC_WEAK = YES;
				CLANG_WARN_BLOCK_CAPTURE_AUTORELEASING = YES;
				CLANG_WARN_BOOL_CONVERSION = YES;
				CLANG_WARN_COMMA = YES;
				CLANG_WARN_CONSTANT_CONVERSION = YES;
				CLANG_WARN_DEPRECATED_OBJC_IMPLEMENTATIONS = YES;
				CLANG_WARN_DIRECT_OBJC_ISA_USAGE = YES_ERROR;
				CLANG_WARN_DOCUMENTATION_COMMENTS = YES;
				CLANG_WARN_EMPTY_BODY = YES;
				CLANG_WARN_ENUM_CONVERSION = YES;
				CLANG_WARN_INFINITE_RECURSION = YES;
				CLANG_WARN_INT_CONVERSION = YES;
				CLANG_WARN_NON_LITERAL_NULL_CONVERSION = YES;
				CLANG_WARN_OBJC_IMPLICIT_RETAIN_SELF = YES;
				CLANG_WARN_OBJC_LITERAL_CONVERSION = YES;
				CLANG_WARN_OBJC_ROOT_CLASS = YES_ERROR;
				CLANG_WARN_RANGE_LOOP_ANALYSIS = YES;
				CLANG_WARN_STRICT_PROTOTYPES = YES;
				CLANG_WARN_SUSPICIOUS_MOVE = YES;
				CLANG_WARN_UNGUARDED_AVAILABILITY = YES_AGGRESSIVE;
				CLANG_WARN_UNREACHABLE_CODE = YES;
				CLANG_WARN__DUPLICATE_METHOD_MATCH = YES;
				COPY_PHASE_STRIP = NO;
				DEBUG_INFORMATION_FORMAT = dwarf;
				ENABLE_STRICT_OBJC_MSGSEND = YES;
				ENABLE_TESTABILITY = YES;
				ENABLE_USER_SCRIPT_SANDBOXING = YES;
				GCC_C_LANGUAGE_STANDARD = gnu17;
				GCC_DYNAMIC_NO_PIC = NO;
				GCC_NO_COMMON_BLOCKS = YES;
				GCC_OPTIMIZATION_LEVEL = 0;
				GCC_PREPROCESSOR_DEFINITIONS = (
					"DEBUG=1",
					"$(inherited)",
				);
				GCC_WARN_64_TO_32_BIT_CONVERSION = YES;
				GCC_WARN_ABOUT_RETURN_TYPE = YES_ERROR;
				GCC_WARN_UNDECLARED_SELECTOR = YES;
				GCC_WARN_UNINITIALIZED_AUTOS = YES_AGGRESSIVE;
				GCC_WARN_UNUSED_FUNCTION = YES;
				GCC_WARN_UNUSED_VARIABLE = YES;
				LOCALIZATION_PREFERS_STRING_CATALOGS = YES;
				MACOSX_DEPLOYMENT_TARGET = 14.0;
				MTL_ENABLE_DEBUG_INFO = INCLUDE_SOURCE;
				MTL_FAST_MATH = YES;
				ONLY_ACTIVE_ARCH = YES;
				SDKROOT = macosx;
				SWIFT_ACTIVE_COMPILATION_CONDITIONS = "DEBUG $(inherited)";
				SWIFT_OPTIMIZATION_LEVEL = "-Onone";
			};
			name = Debug;
		};
		F6000000000000000000000B /* Release */ = {
			isa = XCBuildConfiguration;
			buildSettings = {
				ALWAYS_SEARCH_USER_PATHS = NO;
				ASSETCATALOG_COMPILER_GENERATE_SWIFT_ASSET_SYMBOL_EXTENSIONS = YES;
				CLANG_ANALYZER_NONNULL = YES;
				CLANG_ANALYZER_NUMBER_OBJECT_CONVERSION = YES_AGGRESSIVE;
				CLANG_ENABLE_MODULES = YES;
				CLANG_ENABLE_OBJC_ARC = YES;
				CLANG_ENABLE_OBJC_WEAK = YES;
				CLANG_WARN_BLOCK_CAPTURE_AUTORELEASING = YES;
				CLANG_WARN_BOOL_CONVERSION = YES;
				CLANG_WARN_COMMA = YES;
				CLANG_WARN_CONSTANT_CONVERSION = YES;
				CLANG_WARN_DEPRECATED_OBJC_IMPLEMENTATIONS = YES;
				CLANG_WARN_DIRECT_OBJC_ISA_USAGE = YES_ERROR;
				CLANG_WARN_DOCUMENTATION_COMMENTS = YES;
				CLANG_WARN_EMPTY_BODY = YES;
				CLANG_WARN_ENUM_CONVERSION = YES;
				CLANG_WARN_INFINITE_RECURSION = YES;
				CLANG_WARN_INT_CONVERSION = YES;
				CLANG_WARN_NON_LITERAL_NULL_CONVERSION = YES;
				CLANG_WARN_OBJC_IMPLICIT_RETAIN_SELF = YES;
				CLANG_WARN_OBJC_LITERAL_CONVERSION = YES;
				CLANG_WARN_OBJC_ROOT_CLASS = YES_ERROR;
				CLANG_WARN_RANGE_LOOP_ANALYSIS = YES;
				CLANG_WARN_STRICT_PROTOTYPES = YES;
				CLANG_WARN_SUSPICIOUS_MOVE = YES;
				CLANG_WARN_UNGUARDED_AVAILABILITY = YES_AGGRESSIVE;
				CLANG_WARN_UNREACHABLE_CODE = YES;
				CLANG_WARN__DUPLICATE_METHOD_MATCH = YES;
				COPY_PHASE_STRIP = NO;
				DEBUG_INFORMATION_FORMAT = "dwarf-with-dsym";
				ENABLE_NS_ASSERTIONS = NO;
				ENABLE_STRICT_OBJC_MSGSEND = YES;
				ENABLE_USER_SCRIPT_SANDBOXING = YES;
				GCC_C_LANGUAGE_STANDARD = gnu17;
				GCC_NO_COMMON_BLOCKS = YES;
				GCC_WARN_64_TO_32_BIT_CONVERSION = YES;
				GCC_WARN_ABOUT_RETURN_TYPE = YES_ERROR;
				GCC_WARN_UNDECLARED_SELECTOR = YES;
				GCC_WARN_UNINITIALIZED_AUTOS = YES_AGGRESSIVE;
				GCC_WARN_UNUSED_FUNCTION = YES;
				GCC_WARN_UNUSED_VARIABLE = YES;
				LOCALIZATION_PREFERS_STRING_CATALOGS = YES;
				MACOSX_DEPLOYMENT_TARGET = 14.0;
				MTL_ENABLE_DEBUG_INFO = NO;
				MTL_FAST_MATH = YES;
				SDKROOT = macosx;
				SWIFT_COMPILATION_MODE = wholemodule;
			};
			name = Release;
		};
		F6000000000000000000000C /* Debug */ = {
			isa = XCBuildConfiguration;
			buildSettings = {
				ASSETCATALOG_COMPILER_APPICON_NAME = AppIcon;
				ASSETCATALOG_COMPILER_GLOBAL_ACCENT_COLOR_NAME = AccentColor;
				CODE_SIGN_ENTITLEMENTS = MacMD/MacMD.entitlements;
				CODE_SIGN_IDENTITY = "-";
				CODE_SIGN_INJECT_BASE_ENTITLEMENTS = NO;
				CODE_SIGN_STYLE = Automatic;
				COMBINE_HIDPI_IMAGES = YES;
				CURRENT_PROJECT_VERSION = 25;
				DEVELOPMENT_TEAM = "";
				ENABLE_HARDENED_RUNTIME = YES;
				ENABLE_PREVIEWS = YES;
				GENERATE_INFOPLIST_FILE = NO;
				INFOPLIST_FILE = MacMD/Info.plist;
				LD_RUNPATH_SEARCH_PATHS = (
					"$(inherited)",
					"@executable_path/../Frameworks",
				);
				MACOSX_DEPLOYMENT_TARGET = 14.0;
				MARKETING_VERSION = 2.0.0;
				PRODUCT_BUNDLE_IDENTIFIER = com.sleetcrash.MacMD;
				PRODUCT_NAME = "$(TARGET_NAME)";
				SWIFT_EMIT_LOC_STRINGS = YES;
				SWIFT_STRICT_CONCURRENCY = complete;
				SWIFT_VERSION = 5.0;
			};
			name = Debug;
		};
		F6000000000000000000000D /* Release */ = {
			isa = XCBuildConfiguration;
			buildSettings = {
				ASSETCATALOG_COMPILER_APPICON_NAME = AppIcon;
				ASSETCATALOG_COMPILER_GLOBAL_ACCENT_COLOR_NAME = AccentColor;
				CODE_SIGN_ENTITLEMENTS = MacMD/MacMD.entitlements;
				CODE_SIGN_IDENTITY = "-";
				CODE_SIGN_INJECT_BASE_ENTITLEMENTS = NO;
				CODE_SIGN_STYLE = Automatic;
				COMBINE_HIDPI_IMAGES = YES;
				CURRENT_PROJECT_VERSION = 25;
				DEVELOPMENT_TEAM = "";
				ENABLE_HARDENED_RUNTIME = YES;
				ENABLE_PREVIEWS = YES;
				GENERATE_INFOPLIST_FILE = NO;
				INFOPLIST_FILE = MacMD/Info.plist;
				LD_RUNPATH_SEARCH_PATHS = (
					"$(inherited)",
					"@executable_path/../Frameworks",
				);
				MACOSX_DEPLOYMENT_TARGET = 14.0;
				MARKETING_VERSION = 2.0.0;
				PRODUCT_BUNDLE_IDENTIFIER = com.sleetcrash.MacMD;
				PRODUCT_NAME = "$(TARGET_NAME)";
				SWIFT_EMIT_LOC_STRINGS = YES;
				SWIFT_STRICT_CONCURRENCY = complete;
				SWIFT_VERSION = 5.0;
			};
			name = Release;
		};
		F6000000000000000000000E /* Debug */ = {
			isa = XCBuildConfiguration;
			buildSettings = {
				BUNDLE_LOADER = "$(TEST_HOST)";
				CODE_SIGN_STYLE = Automatic;
				CURRENT_PROJECT_VERSION = 25;
				DEVELOPMENT_TEAM = "";
				GENERATE_INFOPLIST_FILE = YES;
				MACOSX_DEPLOYMENT_TARGET = 14.0;
				MARKETING_VERSION = 2.0.0;
				PRODUCT_BUNDLE_IDENTIFIER = com.sleetcrash.MacMDTests;
				PRODUCT_NAME = "$(TARGET_NAME)";
				SWIFT_EMIT_LOC_STRINGS = NO;
				SWIFT_STRICT_CONCURRENCY = complete;
				SWIFT_VERSION = 5.0;
				TEST_HOST = "$(BUILT_PRODUCTS_DIR)/MacMD.app/Contents/MacOS/MacMD";
			};
			name = Debug;
		};
		F6000000000000000000000F /* Release */ = {
			isa = XCBuildConfiguration;
			buildSettings = {
				BUNDLE_LOADER = "$(TEST_HOST)";
				CODE_SIGN_STYLE = Automatic;
				CURRENT_PROJECT_VERSION = 25;
				DEVELOPMENT_TEAM = "";
				GENERATE_INFOPLIST_FILE = YES;
				MACOSX_DEPLOYMENT_TARGET = 14.0;
				MARKETING_VERSION = 2.0.0;
				PRODUCT_BUNDLE_IDENTIFIER = com.sleetcrash.MacMDTests;
				PRODUCT_NAME = "$(TARGET_NAME)";
				SWIFT_EMIT_LOC_STRINGS = NO;
				SWIFT_STRICT_CONCURRENCY = complete;
				SWIFT_VERSION = 5.0;
				TEST_HOST = "$(BUILT_PRODUCTS_DIR)/MacMD.app/Contents/MacOS/MacMD";
			};
			name = Release;
		};
/* End XCBuildConfiguration section */

/* Begin XCConfigurationList section */
		F5000000000000000000000A /* Build configuration list for PBXProject "MacMD" */ = {
			isa = XCConfigurationList;
			buildConfigurations = (
				F6000000000000000000000A /* Debug */,
				F6000000000000000000000B /* Release */,
			);
			defaultConfigurationIsVisible = 0;
			defaultConfigurationName = Release;
		};
		F5000000000000000000000B /* Build configuration list for PBXNativeTarget "MacMD" */ = {
			isa = XCConfigurationList;
			buildConfigurations = (
				F6000000000000000000000C /* Debug */,
				F6000000000000000000000D /* Release */,
			);
			defaultConfigurationIsVisible = 0;
			defaultConfigurationName = Release;
		};
		F5000000000000000000000C /* Build configuration list for PBXNativeTarget "MacMDTests" */ = {
			isa = XCConfigurationList;
			buildConfigurations = (
				F6000000000000000000000E /* Debug */,
				F6000000000000000000000F /* Release */,
			);
			defaultConfigurationIsVisible = 0;
			defaultConfigurationName = Release;
		};
/* End XCConfigurationList section */
	};
	rootObject = AAAAAAAAAAAAAAAAAAAAAAAA /* Project object */;
}
